// !$*UTF8*$!
{
	archiveVersion = 1;
	classes = {
	};
	objectVersion = 46;
	objects = {

/* Begin PBXBuildFile section */
		4E577B89339FDB118915C920 /* libPods-VKFriends.a in Frameworks */ = {isa = PBXBuildFile; fileRef = E5DD97EE624338D415881DCE /* libPods-VKFriends.a */; };
		B20398E71BC00A2400256C8F /* main.m in Sources */ = {isa = PBXBuildFile; fileRef = B20398E61BC00A2400256C8F /* main.m */; };
		B20398EA1BC00A2400256C8F /* AppDelegate.m in Sources */ = {isa = PBXBuildFile; fileRef = B20398E91BC00A2400256C8F /* AppDelegate.m */; };
		B20398ED1BC00A2400256C8F /* ViewController.m in Sources */ = {isa = PBXBuildFile; fileRef = B20398EC1BC00A2400256C8F /* ViewController.m */; };
		B20398F01BC00A2400256C8F /* Main.storyboard in Resources */ = {isa = PBXBuildFile; fileRef = B20398EE1BC00A2400256C8F /* Main.storyboard */; };
		B20398F21BC00A2400256C8F /* Assets.xcassets in Resources */ = {isa = PBXBuildFile; fileRef = B20398F11BC00A2400256C8F /* Assets.xcassets */; };
		B20398F51BC00A2400256C8F /* LaunchScreen.storyboard in Resources */ = {isa = PBXBuildFile; fileRef = B20398F31BC00A2400256C8F /* LaunchScreen.storyboard */; };
		B20399011BC00A9A00256C8F /* MGSService.m in Sources */ = {isa = PBXBuildFile; fileRef = B20399001BC00A9A00256C8F /* MGSService.m */; settings = {ASSET_TAGS = (); }; };
		B20399041BC00B1E00256C8F /* MGSNetwork.m in Sources */ = {isa = PBXBuildFile; fileRef = B20399031BC00B1E00256C8F /* MGSNetwork.m */; settings = {ASSET_TAGS = (); }; };
		B20399071BC00C2700256C8F /* MGSAuthorizationService.m in Sources */ = {isa = PBXBuildFile; fileRef = B20399061BC00C2700256C8F /* MGSAuthorizationService.m */; settings = {ASSET_TAGS = (); }; };
		B203990A1BC00DFA00256C8F /* MGSServiceLayer.m in Sources */ = {isa = PBXBuildFile; fileRef = B20399091BC00DFA00256C8F /* MGSServiceLayer.m */; settings = {ASSET_TAGS = (); }; };
		B203990E1BC0107D00256C8F /* MGSAuthorizationTransportLayer.m in Sources */ = {isa = PBXBuildFile; fileRef = B203990D1BC0107D00256C8F /* MGSAuthorizationTransportLayer.m */; settings = {ASSET_TAGS = (); }; };
		B20399111BC0217600256C8F /* MGSAuthorizationParameters.m in Sources */ = {isa = PBXBuildFile; fileRef = B20399101BC0217600256C8F /* MGSAuthorizationParameters.m */; settings = {ASSET_TAGS = (); }; };
		B20399141BC0301C00256C8F /* NSError+MGS.m in Sources */ = {isa = PBXBuildFile; fileRef = B20399131BC0301C00256C8F /* NSError+MGS.m */; settings = {ASSET_TAGS = (); }; };
		B20399171BC032E800256C8F /* MGSCredentialsStorage.m in Sources */ = {isa = PBXBuildFile; fileRef = B20399161BC032E800256C8F /* MGSCredentialsStorage.m */; settings = {ASSET_TAGS = (); }; };
		B203991A1BC033AE00256C8F /* MGSAuthorizationCredentials.m in Sources */ = {isa = PBXBuildFile; fileRef = B20399191BC033AE00256C8F /* MGSAuthorizationCredentials.m */; settings = {ASSET_TAGS = (); }; };
		B203991F1BC0761800256C8F /* NSString+MGS.m in Sources */ = {isa = PBXBuildFile; fileRef = B203991E1BC0761800256C8F /* NSString+MGS.m */; settings = {ASSET_TAGS = (); }; };
		B24F7D441BC19DEF0059469B /* MGSTokenProvider.m in Sources */ = {isa = PBXBuildFile; fileRef = B24F7D431BC19DEF0059469B /* MGSTokenProvider.m */; settings = {ASSET_TAGS = (); }; };
		B24F7D471BC1A8820059469B /* MGSTransportLayer.m in Sources */ = {isa = PBXBuildFile; fileRef = B24F7D461BC1A8820059469B /* MGSTransportLayer.m */; settings = {ASSET_TAGS = (); }; };
		B24F7D4D1BC1B2600059469B /* MGSGroupOperation.m in Sources */ = {isa = PBXBuildFile; fileRef = B24F7D4C1BC1B2600059469B /* MGSGroupOperation.m */; settings = {ASSET_TAGS = (); }; };
		B27FA44A1BC42297007D0785 /* MGSFriendsViewController.m in Sources */ = {isa = PBXBuildFile; fileRef = B27FA4491BC42297007D0785 /* MGSFriendsViewController.m */; settings = {ASSET_TAGS = (); }; };
		B27FA44D1BC459F3007D0785 /* MGSEntityFabric.m in Sources */ = {isa = PBXBuildFile; fileRef = B27FA44C1BC459F3007D0785 /* MGSEntityFabric.m */; settings = {ASSET_TAGS = (); }; };
		B27FA4501BC46459007D0785 /* UIViewController+MGS.m in Sources */ = {isa = PBXBuildFile; fileRef = B27FA44F1BC46459007D0785 /* UIViewController+MGS.m */; settings = {ASSET_TAGS = (); }; };
		B27FA4531BC47AEA007D0785 /* MGSSettingsViewController.m in Sources */ = {isa = PBXBuildFile; fileRef = B27FA4521BC47AEA007D0785 /* MGSSettingsViewController.m */; settings = {ASSET_TAGS = (); }; };
		B27FA4581BC5197A007D0785 /* VKFriend+CoreDataProperties.m in Sources */ = {isa = PBXBuildFile; fileRef = B27FA4551BC5197A007D0785 /* VKFriend+CoreDataProperties.m */; settings = {ASSET_TAGS = (); }; };
		B27FA4591BC5197A007D0785 /* VKFriend.m in Sources */ = {isa = PBXBuildFile; fileRef = B27FA4571BC5197A007D0785 /* VKFriend.m */; settings = {ASSET_TAGS = (); }; };
		B2B6AFCB1BC295AF001B1BD5 /* MGSEasyMappingParser.m in Sources */ = {isa = PBXBuildFile; fileRef = B2B6AFCA1BC295AF001B1BD5 /* MGSEasyMappingParser.m */; settings = {ASSET_TAGS = (); }; };
		B2B6AFCF1BC298EF001B1BD5 /* MGSMappingFabric.m in Sources */ = {isa = PBXBuildFile; fileRef = B2B6AFCE1BC298EF001B1BD5 /* MGSMappingFabric.m */; settings = {ASSET_TAGS = (); }; };
		B2B6AFD81BC29B50001B1BD5 /* MGSParserFabric.m in Sources */ = {isa = PBXBuildFile; fileRef = B2B6AFD71BC29B50001B1BD5 /* MGSParserFabric.m */; settings = {ASSET_TAGS = (); }; };
		B2B6AFDD1BC2A5A0001B1BD5 /* Model.xcdatamodeld in Sources */ = {isa = PBXBuildFile; fileRef = B2B6AFDB1BC2A5A0001B1BD5 /* Model.xcdatamodeld */; settings = {ASSET_TAGS = (); }; };
		B2B6AFF61BC30F66001B1BD5 /* MGSCacheLayer.m in Sources */ = {isa = PBXBuildFile; fileRef = B2B6AFF51BC30F66001B1BD5 /* MGSCacheLayer.m */; settings = {ASSET_TAGS = (); }; };
		B2BF6FF21BC26079005D7120 /* MGSHTTPOperation.m in Sources */ = {isa = PBXBuildFile; fileRef = B2BF6FF11BC26079005D7120 /* MGSHTTPOperation.m */; settings = {ASSET_TAGS = (); }; };
/* End PBXBuildFile section */

/* Begin PBXFileReference section */
		0FBCB2550A05F31C3E6B901C /* Pods-VKFriends.debug.xcconfig */ = {isa = PBXFileReference; includeInIndex = 1; lastKnownFileType = text.xcconfig; name = "Pods-VKFriends.debug.xcconfig"; path = "Pods/Target Support Files/Pods-VKFriends/Pods-VKFriends.debug.xcconfig"; sourceTree = "<group>"; };
		9BA62DB2C994B6BC52B27EF3 /* Pods-VKFriends.release.xcconfig */ = {isa = PBXFileReference; includeInIndex = 1; lastKnownFileType = text.xcconfig; name = "Pods-VKFriends.release.xcconfig"; path = "Pods/Target Support Files/Pods-VKFriends/Pods-VKFriends.release.xcconfig"; sourceTree = "<group>"; };
		B20398E21BC00A2400256C8F /* VKFriends.app */ = {isa = PBXFileReference; explicitFileType = wrapper.application; includeInIndex = 0; path = VKFriends.app; sourceTree = BUILT_PRODUCTS_DIR; };
		B20398E61BC00A2400256C8F /* main.m */ = {isa = PBXFileReference; lastKnownFileType = sourcecode.c.objc; path = main.m; sourceTree = "<group>"; };
		B20398E81BC00A2400256C8F /* AppDelegate.h */ = {isa = PBXFileReference; lastKnownFileType = sourcecode.c.h; path = AppDelegate.h; sourceTree = "<group>"; };
		B20398E91BC00A2400256C8F /* AppDelegate.m */ = {isa = PBXFileReference; lastKnownFileType = sourcecode.c.objc; path = AppDelegate.m; sourceTree = "<group>"; };
		B20398EB1BC00A2400256C8F /* ViewController.h */ = {isa = PBXFileReference; lastKnownFileType = sourcecode.c.h; path = ViewController.h; sourceTree = "<group>"; };
		B20398EC1BC00A2400256C8F /* ViewController.m */ = {isa = PBXFileReference; lastKnownFileType = sourcecode.c.objc; path = ViewController.m; sourceTree = "<group>"; };
		B20398EF1BC00A2400256C8F /* Base */ = {isa = PBXFileReference; lastKnownFileType = file.storyboard; name = Base; path = Base.lproj/Main.storyboard; sourceTree = "<group>"; };
		B20398F11BC00A2400256C8F /* Assets.xcassets */ = {isa = PBXFileReference; lastKnownFileType = folder.assetcatalog; path = Assets.xcassets; sourceTree = "<group>"; };
		B20398F41BC00A2400256C8F /* Base */ = {isa = PBXFileReference; lastKnownFileType = file.storyboard; name = Base; path = Base.lproj/LaunchScreen.storyboard; sourceTree = "<group>"; };
		B20398F61BC00A2400256C8F /* Info.plist */ = {isa = PBXFileReference; lastKnownFileType = text.plist.xml; path = Info.plist; sourceTree = "<group>"; };
		B20398FF1BC00A9A00256C8F /* MGSService.h */ = {isa = PBXFileReference; fileEncoding = 4; lastKnownFileType = sourcecode.c.h; path = MGSService.h; sourceTree = "<group>"; };
		B20399001BC00A9A00256C8F /* MGSService.m */ = {isa = PBXFileReference; fileEncoding = 4; lastKnownFileType = sourcecode.c.objc; path = MGSService.m; sourceTree = "<group>"; };
		B20399021BC00B1E00256C8F /* MGSNetwork.h */ = {isa = PBXFileReference; fileEncoding = 4; lastKnownFileType = sourcecode.c.h; path = MGSNetwork.h; sourceTree = "<group>"; };
		B20399031BC00B1E00256C8F /* MGSNetwork.m */ = {isa = PBXFileReference; fileEncoding = 4; lastKnownFileType = sourcecode.c.objc; path = MGSNetwork.m; sourceTree = "<group>"; };
		B20399051BC00C2700256C8F /* MGSAuthorizationService.h */ = {isa = PBXFileReference; fileEncoding = 4; lastKnownFileType = sourcecode.c.h; path = MGSAuthorizationService.h; sourceTree = "<group>"; };
		B20399061BC00C2700256C8F /* MGSAuthorizationService.m */ = {isa = PBXFileReference; fileEncoding = 4; lastKnownFileType = sourcecode.c.objc; path = MGSAuthorizationService.m; sourceTree = "<group>"; };
		B20399081BC00DFA00256C8F /* MGSServiceLayer.h */ = {isa = PBXFileReference; fileEncoding = 4; lastKnownFileType = sourcecode.c.h; path = MGSServiceLayer.h; sourceTree = "<group>"; };
		B20399091BC00DFA00256C8F /* MGSServiceLayer.m */ = {isa = PBXFileReference; fileEncoding = 4; lastKnownFileType = sourcecode.c.objc; path = MGSServiceLayer.m; sourceTree = "<group>"; };
		B203990C1BC0107D00256C8F /* MGSAuthorizationTransportLayer.h */ = {isa = PBXFileReference; fileEncoding = 4; lastKnownFileType = sourcecode.c.h; path = MGSAuthorizationTransportLayer.h; sourceTree = "<group>"; };
		B203990D1BC0107D00256C8F /* MGSAuthorizationTransportLayer.m */ = {isa = PBXFileReference; fileEncoding = 4; lastKnownFileType = sourcecode.c.objc; path = MGSAuthorizationTransportLayer.m; sourceTree = "<group>"; };
		B203990F1BC0217600256C8F /* MGSAuthorizationParameters.h */ = {isa = PBXFileReference; fileEncoding = 4; lastKnownFileType = sourcecode.c.h; path = MGSAuthorizationParameters.h; sourceTree = "<group>"; };
		B20399101BC0217600256C8F /* MGSAuthorizationParameters.m */ = {isa = PBXFileReference; fileEncoding = 4; lastKnownFileType = sourcecode.c.objc; path = MGSAuthorizationParameters.m; sourceTree = "<group>"; };
		B20399121BC0301C00256C8F /* NSError+MGS.h */ = {isa = PBXFileReference; fileEncoding = 4; lastKnownFileType = sourcecode.c.h; path = "NSError+MGS.h"; sourceTree = "<group>"; };
		B20399131BC0301C00256C8F /* NSError+MGS.m */ = {isa = PBXFileReference; fileEncoding = 4; lastKnownFileType = sourcecode.c.objc; path = "NSError+MGS.m"; sourceTree = "<group>"; };
		B20399151BC032E800256C8F /* MGSCredentialsStorage.h */ = {isa = PBXFileReference; fileEncoding = 4; lastKnownFileType = sourcecode.c.h; path = MGSCredentialsStorage.h; sourceTree = "<group>"; };
		B20399161BC032E800256C8F /* MGSCredentialsStorage.m */ = {isa = PBXFileReference; fileEncoding = 4; lastKnownFileType = sourcecode.c.objc; path = MGSCredentialsStorage.m; sourceTree = "<group>"; };
		B20399181BC033AE00256C8F /* MGSAuthorizationCredentials.h */ = {isa = PBXFileReference; fileEncoding = 4; lastKnownFileType = sourcecode.c.h; path = MGSAuthorizationCredentials.h; sourceTree = "<group>"; };
		B20399191BC033AE00256C8F /* MGSAuthorizationCredentials.m */ = {isa = PBXFileReference; fileEncoding = 4; lastKnownFileType = sourcecode.c.objc; path = MGSAuthorizationCredentials.m; sourceTree = "<group>"; };
		B203991C1BC03FF400256C8F /* PrefixHeader.pch */ = {isa = PBXFileReference; fileEncoding = 4; lastKnownFileType = sourcecode.c.h; path = PrefixHeader.pch; sourceTree = "<group>"; };
		B203991D1BC0761800256C8F /* NSString+MGS.h */ = {isa = PBXFileReference; fileEncoding = 4; lastKnownFileType = sourcecode.c.h; path = "NSString+MGS.h"; sourceTree = "<group>"; };
		B203991E1BC0761800256C8F /* NSString+MGS.m */ = {isa = PBXFileReference; fileEncoding = 4; lastKnownFileType = sourcecode.c.objc; path = "NSString+MGS.m"; sourceTree = "<group>"; };
		B24F7D421BC19DEF0059469B /* MGSTokenProvider.h */ = {isa = PBXFileReference; fileEncoding = 4; lastKnownFileType = sourcecode.c.h; path = MGSTokenProvider.h; sourceTree = "<group>"; };
		B24F7D431BC19DEF0059469B /* MGSTokenProvider.m */ = {isa = PBXFileReference; fileEncoding = 4; lastKnownFileType = sourcecode.c.objc; path = MGSTokenProvider.m; sourceTree = "<group>"; };
		B24F7D451BC1A8820059469B /* MGSTransportLayer.h */ = {isa = PBXFileReference; fileEncoding = 4; lastKnownFileType = sourcecode.c.h; path = MGSTransportLayer.h; sourceTree = "<group>"; };
		B24F7D461BC1A8820059469B /* MGSTransportLayer.m */ = {isa = PBXFileReference; fileEncoding = 4; lastKnownFileType = sourcecode.c.objc; path = MGSTransportLayer.m; sourceTree = "<group>"; };
		B24F7D481BC1ABBE0059469B /* MGSParser.h */ = {isa = PBXFileReference; fileEncoding = 4; lastKnownFileType = sourcecode.c.h; path = MGSParser.h; sourceTree = "<group>"; };
		B24F7D4B1BC1B2600059469B /* MGSGroupOperation.h */ = {isa = PBXFileReference; fileEncoding = 4; lastKnownFileType = sourcecode.c.h; path = MGSGroupOperation.h; sourceTree = "<group>"; };
		B24F7D4C1BC1B2600059469B /* MGSGroupOperation.m */ = {isa = PBXFileReference; fileEncoding = 4; lastKnownFileType = sourcecode.c.objc; path = MGSGroupOperation.m; sourceTree = "<group>"; };
		B27FA4481BC42297007D0785 /* MGSFriendsViewController.h */ = {isa = PBXFileReference; fileEncoding = 4; lastKnownFileType = sourcecode.c.h; path = MGSFriendsViewController.h; sourceTree = "<group>"; };
		B27FA4491BC42297007D0785 /* MGSFriendsViewController.m */ = {isa = PBXFileReference; fileEncoding = 4; lastKnownFileType = sourcecode.c.objc; path = MGSFriendsViewController.m; sourceTree = "<group>"; };
		B27FA44B1BC459F3007D0785 /* MGSEntityFabric.h */ = {isa = PBXFileReference; fileEncoding = 4; lastKnownFileType = sourcecode.c.h; path = MGSEntityFabric.h; sourceTree = "<group>"; };
		B27FA44C1BC459F3007D0785 /* MGSEntityFabric.m */ = {isa = PBXFileReference; fileEncoding = 4; lastKnownFileType = sourcecode.c.objc; path = MGSEntityFabric.m; sourceTree = "<group>"; };
		B27FA44E1BC46459007D0785 /* UIViewController+MGS.h */ = {isa = PBXFileReference; fileEncoding = 4; lastKnownFileType = sourcecode.c.h; path = "UIViewController+MGS.h"; sourceTree = "<group>"; };
		B27FA44F1BC46459007D0785 /* UIViewController+MGS.m */ = {isa = PBXFileReference; fileEncoding = 4; lastKnownFileType = sourcecode.c.objc; path = "UIViewController+MGS.m"; sourceTree = "<group>"; };
		B27FA4511BC47AEA007D0785 /* MGSSettingsViewController.h */ = {isa = PBXFileReference; fileEncoding = 4; lastKnownFileType = sourcecode.c.h; path = MGSSettingsViewController.h; sourceTree = "<group>"; };
		B27FA4521BC47AEA007D0785 /* MGSSettingsViewController.m */ = {isa = PBXFileReference; fileEncoding = 4; lastKnownFileType = sourcecode.c.objc; path = MGSSettingsViewController.m; sourceTree = "<group>"; };
		B27FA4541BC5197A007D0785 /* VKFriend+CoreDataProperties.h */ = {isa = PBXFileReference; fileEncoding = 4; lastKnownFileType = sourcecode.c.h; path = "VKFriend+CoreDataProperties.h"; sourceTree = "<group>"; };
		B27FA4551BC5197A007D0785 /* VKFriend+CoreDataProperties.m */ = {isa = PBXFileReference; fileEncoding = 4; lastKnownFileType = sourcecode.c.objc; path = "VKFriend+CoreDataProperties.m"; sourceTree = "<group>"; };
		B27FA4561BC5197A007D0785 /* VKFriend.h */ = {isa = PBXFileReference; fileEncoding = 4; lastKnownFileType = sourcecode.c.h; path = VKFriend.h; sourceTree = "<group>"; };
		B27FA4571BC5197A007D0785 /* VKFriend.m */ = {isa = PBXFileReference; fileEncoding = 4; lastKnownFileType = sourcecode.c.objc; path = VKFriend.m; sourceTree = "<group>"; };
		B2B6AFC91BC295AF001B1BD5 /* MGSEasyMappingParser.h */ = {isa = PBXFileReference; fileEncoding = 4; lastKnownFileType = sourcecode.c.h; path = MGSEasyMappingParser.h; sourceTree = "<group>"; };
		B2B6AFCA1BC295AF001B1BD5 /* MGSEasyMappingParser.m */ = {isa = PBXFileReference; fileEncoding = 4; lastKnownFileType = sourcecode.c.objc; path = MGSEasyMappingParser.m; sourceTree = "<group>"; };
		B2B6AFCD1BC298EF001B1BD5 /* MGSMappingFabric.h */ = {isa = PBXFileReference; fileEncoding = 4; lastKnownFileType = sourcecode.c.h; path = MGSMappingFabric.h; sourceTree = "<group>"; };
		B2B6AFCE1BC298EF001B1BD5 /* MGSMappingFabric.m */ = {isa = PBXFileReference; fileEncoding = 4; lastKnownFileType = sourcecode.c.objc; path = MGSMappingFabric.m; sourceTree = "<group>"; };
		B2B6AFD61BC29B50001B1BD5 /* MGSParserFabric.h */ = {isa = PBXFileReference; fileEncoding = 4; lastKnownFileType = sourcecode.c.h; path = MGSParserFabric.h; sourceTree = "<group>"; };
		B2B6AFD71BC29B50001B1BD5 /* MGSParserFabric.m */ = {isa = PBXFileReference; fileEncoding = 4; lastKnownFileType = sourcecode.c.objc; path = MGSParserFabric.m; sourceTree = "<group>"; };
		B2B6AFDC1BC2A5A0001B1BD5 /* Model.xcdatamodel */ = {isa = PBXFileReference; lastKnownFileType = wrapper.xcdatamodel; path = Model.xcdatamodel; sourceTree = "<group>"; };
		B2B6AFF41BC30F66001B1BD5 /* MGSCacheLayer.h */ = {isa = PBXFileReference; fileEncoding = 4; lastKnownFileType = sourcecode.c.h; path = MGSCacheLayer.h; sourceTree = "<group>"; };
		B2B6AFF51BC30F66001B1BD5 /* MGSCacheLayer.m */ = {isa = PBXFileReference; fileEncoding = 4; lastKnownFileType = sourcecode.c.objc; path = MGSCacheLayer.m; sourceTree = "<group>"; };
		B2BF6FF01BC26079005D7120 /* MGSHTTPOperation.h */ = {isa = PBXFileReference; fileEncoding = 4; lastKnownFileType = sourcecode.c.h; path = MGSHTTPOperation.h; sourceTree = "<group>"; };
		B2BF6FF11BC26079005D7120 /* MGSHTTPOperation.m */ = {isa = PBXFileReference; fileEncoding = 4; lastKnownFileType = sourcecode.c.objc; path = MGSHTTPOperation.m; sourceTree = "<group>"; };
		E5DD97EE624338D415881DCE /* libPods-VKFriends.a */ = {isa = PBXFileReference; explicitFileType = archive.ar; includeInIndex = 0; path = "libPods-VKFriends.a"; sourceTree = BUILT_PRODUCTS_DIR; };
/* End PBXFileReference section */

/* Begin PBXFrameworksBuildPhase section */
		B20398DF1BC00A2400256C8F /* Frameworks */ = {
			isa = PBXFrameworksBuildPhase;
			buildActionMask = 2147483647;
			files = (
				4E577B89339FDB118915C920 /* libPods-VKFriends.a in Frameworks */,
			);
			runOnlyForDeploymentPostprocessing = 0;
		};
/* End PBXFrameworksBuildPhase section */

/* Begin PBXGroup section */
		259FEA3F0132C763F152D6C4 /* Frameworks */ = {
			isa = PBXGroup;
			children = (
				E5DD97EE624338D415881DCE /* libPods-VKFriends.a */,
			);
			name = Frameworks;
			sourceTree = "<group>";
		};
		82A85403592F33989196C803 /* Pods */ = {
			isa = PBXGroup;
			children = (
				0FBCB2550A05F31C3E6B901C /* Pods-VKFriends.debug.xcconfig */,
				9BA62DB2C994B6BC52B27EF3 /* Pods-VKFriends.release.xcconfig */,
			);
			name = Pods;
			sourceTree = "<group>";
		};
		B20398D91BC00A2400256C8F = {
			isa = PBXGroup;
			children = (
				B20398E41BC00A2400256C8F /* VKFriends */,
				B20398E31BC00A2400256C8F /* Products */,
				82A85403592F33989196C803 /* Pods */,
				259FEA3F0132C763F152D6C4 /* Frameworks */,
			);
			sourceTree = "<group>";
		};
		B20398E31BC00A2400256C8F /* Products */ = {
			isa = PBXGroup;
			children = (
				B20398E21BC00A2400256C8F /* VKFriends.app */,
			);
			name = Products;
			sourceTree = "<group>";
		};
		B20398E41BC00A2400256C8F /* VKFriends */ = {
			isa = PBXGroup;
			children = (
				B20398E81BC00A2400256C8F /* AppDelegate.h */,
				B20398E91BC00A2400256C8F /* AppDelegate.m */,
				B2B6AFDA1BC2A57A001B1BD5 /* CoreData */,
				B24F7D4E1BC1B30C0059469B /* API */,
				B203991B1BC03E5300256C8F /* Categories */,
				B20398EB1BC00A2400256C8F /* ViewController.h */,
				B20398EC1BC00A2400256C8F /* ViewController.m */,
				B27FA4481BC42297007D0785 /* MGSFriendsViewController.h */,
				B27FA4491BC42297007D0785 /* MGSFriendsViewController.m */,
				B27FA4511BC47AEA007D0785 /* MGSSettingsViewController.h */,
				B27FA4521BC47AEA007D0785 /* MGSSettingsViewController.m */,
				B203991C1BC03FF400256C8F /* PrefixHeader.pch */,
				B20398EE1BC00A2400256C8F /* Main.storyboard */,
				B20398F11BC00A2400256C8F /* Assets.xcassets */,
				B20398F31BC00A2400256C8F /* LaunchScreen.storyboard */,
				B20398F61BC00A2400256C8F /* Info.plist */,
				B20398E51BC00A2400256C8F /* Supporting Files */,
			);
			path = VKFriends;
			sourceTree = "<group>";
		};
		B20398E51BC00A2400256C8F /* Supporting Files */ = {
			isa = PBXGroup;
			children = (
				B20398E61BC00A2400256C8F /* main.m */,
			);
			name = "Supporting Files";
			sourceTree = "<group>";
		};
		B203990B1BC00FBB00256C8F /* Authorization */ = {
			isa = PBXGroup;
			children = (
				B20399051BC00C2700256C8F /* MGSAuthorizationService.h */,
				B20399061BC00C2700256C8F /* MGSAuthorizationService.m */,
				B203990F1BC0217600256C8F /* MGSAuthorizationParameters.h */,
				B20399101BC0217600256C8F /* MGSAuthorizationParameters.m */,
				B203990C1BC0107D00256C8F /* MGSAuthorizationTransportLayer.h */,
				B203990D1BC0107D00256C8F /* MGSAuthorizationTransportLayer.m */,
				B24F7D421BC19DEF0059469B /* MGSTokenProvider.h */,
				B24F7D431BC19DEF0059469B /* MGSTokenProvider.m */,
				B20399181BC033AE00256C8F /* MGSAuthorizationCredentials.h */,
				B20399191BC033AE00256C8F /* MGSAuthorizationCredentials.m */,
				B20399151BC032E800256C8F /* MGSCredentialsStorage.h */,
				B20399161BC032E800256C8F /* MGSCredentialsStorage.m */,
			);
			name = Authorization;
			sourceTree = "<group>";
		};
		B203991B1BC03E5300256C8F /* Categories */ = {
			isa = PBXGroup;
			children = (
				B20399121BC0301C00256C8F /* NSError+MGS.h */,
				B20399131BC0301C00256C8F /* NSError+MGS.m */,
				B203991D1BC0761800256C8F /* NSString+MGS.h */,
				B203991E1BC0761800256C8F /* NSString+MGS.m */,
				B27FA44E1BC46459007D0785 /* UIViewController+MGS.h */,
				B27FA44F1BC46459007D0785 /* UIViewController+MGS.m */,
			);
			name = Categories;
			sourceTree = "<group>";
		};
		B24F7D4E1BC1B30C0059469B /* API */ = {
			isa = PBXGroup;
			children = (
				B203990B1BC00FBB00256C8F /* Authorization */,
				B20399081BC00DFA00256C8F /* MGSServiceLayer.h */,
				B20399091BC00DFA00256C8F /* MGSServiceLayer.m */,
				B2B6AFF41BC30F66001B1BD5 /* MGSCacheLayer.h */,
				B2B6AFF51BC30F66001B1BD5 /* MGSCacheLayer.m */,
				B20398FF1BC00A9A00256C8F /* MGSService.h */,
				B20399001BC00A9A00256C8F /* MGSService.m */,
				B24F7D451BC1A8820059469B /* MGSTransportLayer.h */,
				B24F7D461BC1A8820059469B /* MGSTransportLayer.m */,
				B2B6AFCD1BC298EF001B1BD5 /* MGSMappingFabric.h */,
				B2B6AFCE1BC298EF001B1BD5 /* MGSMappingFabric.m */,
				B2B6AFD61BC29B50001B1BD5 /* MGSParserFabric.h */,
				B2B6AFD71BC29B50001B1BD5 /* MGSParserFabric.m */,
				B27FA44B1BC459F3007D0785 /* MGSEntityFabric.h */,
				B27FA44C1BC459F3007D0785 /* MGSEntityFabric.m */,
				B2B6AFCC1BC2970C001B1BD5 /* Parser */,
				B2BF6FF01BC26079005D7120 /* MGSHTTPOperation.h */,
				B2BF6FF11BC26079005D7120 /* MGSHTTPOperation.m */,
				B24F7D4B1BC1B2600059469B /* MGSGroupOperation.h */,
				B24F7D4C1BC1B2600059469B /* MGSGroupOperation.m */,
				B20399021BC00B1E00256C8F /* MGSNetwork.h */,
				B20399031BC00B1E00256C8F /* MGSNetwork.m */,
			);
			name = API;
			sourceTree = "<group>";
		};
		B2B6AFCC1BC2970C001B1BD5 /* Parser */ = {
			isa = PBXGroup;
			children = (
				B24F7D481BC1ABBE0059469B /* MGSParser.h */,
				B2B6AFC91BC295AF001B1BD5 /* MGSEasyMappingParser.h */,
				B2B6AFCA1BC295AF001B1BD5 /* MGSEasyMappingParser.m */,
			);
			name = Parser;
			sourceTree = "<group>";
		};
		B2B6AFDA1BC2A57A001B1BD5 /* CoreData */ = {
			isa = PBXGroup;
			children = (
				B27FA4541BC5197A007D0785 /* VKFriend+CoreDataProperties.h */,
				B27FA4551BC5197A007D0785 /* VKFriend+CoreDataProperties.m */,
				B27FA4561BC5197A007D0785 /* VKFriend.h */,
				B27FA4571BC5197A007D0785 /* VKFriend.m */,
				B2B6AFDB1BC2A5A0001B1BD5 /* Model.xcdatamodeld */,
			);
			name = CoreData;
			sourceTree = "<group>";
		};
/* End PBXGroup section */

/* Begin PBXNativeTarget section */
		B20398E11BC00A2400256C8F /* VKFriends */ = {
			isa = PBXNativeTarget;
			buildConfigurationList = B20398F91BC00A2400256C8F /* Build configuration list for PBXNativeTarget "VKFriends" */;
			buildPhases = (
				4AA88C4806AB10E442A27B33 /* Check Pods Manifest.lock */,
				B20398DE1BC00A2400256C8F /* Sources */,
				B20398DF1BC00A2400256C8F /* Frameworks */,
				B20398E01BC00A2400256C8F /* Resources */,
				20ADCB480AD3369439CCACA5 /* Copy Pods Resources */,
			);
			buildRules = (
			);
			dependencies = (
			);
			name = VKFriends;
			productName = VKFriends;
			productReference = B20398E21BC00A2400256C8F /* VKFriends.app */;
			productType = "com.apple.product-type.application";
		};
/* End PBXNativeTarget section */

/* Begin PBXProject section */
		B20398DA1BC00A2400256C8F /* Project object */ = {
			isa = PBXProject;
			attributes = {
				CLASSPREFIX = MGS;
				LastUpgradeCheck = 0700;
				ORGANIZATIONNAME = Gena;
				TargetAttributes = {
					B20398E11BC00A2400256C8F = {
						CreatedOnToolsVersion = 7.0.1;
					};
				};
			};
			buildConfigurationList = B20398DD1BC00A2400256C8F /* Build configuration list for PBXProject "VKFriends" */;
			compatibilityVersion = "Xcode 3.2";
			developmentRegion = English;
			hasScannedForEncodings = 0;
			knownRegions = (
				en,
				Base,
			);
			mainGroup = B20398D91BC00A2400256C8F;
			productRefGroup = B20398E31BC00A2400256C8F /* Products */;
			projectDirPath = "";
			projectRoot = "";
			targets = (
				B20398E11BC00A2400256C8F /* VKFriends */,
			);
		};
/* End PBXProject section */

/* Begin PBXResourcesBuildPhase section */
		B20398E01BC00A2400256C8F /* Resources */ = {
			isa = PBXResourcesBuildPhase;
			buildActionMask = 2147483647;
			files = (
				B20398F51BC00A2400256C8F /* LaunchScreen.storyboard in Resources */,
				B20398F21BC00A2400256C8F /* Assets.xcassets in Resources */,
				B20398F01BC00A2400256C8F /* Main.storyboard in Resources */,
			);
			runOnlyForDeploymentPostprocessing = 0;
		};
/* End PBXResourcesBuildPhase section */

/* Begin PBXShellScriptBuildPhase section */
		20ADCB480AD3369439CCACA5 /* Copy Pods Resources */ = {
			isa = PBXShellScriptBuildPhase;
			buildActionMask = 2147483647;
			files = (
			);
			inputPaths = (
			);
			name = "Copy Pods Resources";
			outputPaths = (
			);
			runOnlyForDeploymentPostprocessing = 0;
			shellPath = /bin/sh;
			shellScript = "\"${SRCROOT}/Pods/Target Support Files/Pods-VKFriends/Pods-VKFriends-resources.sh\"\n";
			showEnvVarsInLog = 0;
		};
		4AA88C4806AB10E442A27B33 /* Check Pods Manifest.lock */ = {
			isa = PBXShellScriptBuildPhase;
			buildActionMask = 2147483647;
			files = (
			);
			inputPaths = (
			);
			name = "Check Pods Manifest.lock";
			outputPaths = (
			);
			runOnlyForDeploymentPostprocessing = 0;
			shellPath = /bin/sh;
			shellScript = "diff \"${PODS_ROOT}/../Podfile.lock\" \"${PODS_ROOT}/Manifest.lock\" > /dev/null\nif [[ $? != 0 ]] ; then\n    cat << EOM\nerror: The sandbox is not in sync with the Podfile.lock. Run 'pod install' or update your CocoaPods installation.\nEOM\n    exit 1\nfi\n";
			showEnvVarsInLog = 0;
		};
/* End PBXShellScriptBuildPhase section */

/* Begin PBXSourcesBuildPhase section */
		B20398DE1BC00A2400256C8F /* Sources */ = {
			isa = PBXSourcesBuildPhase;
			buildActionMask = 2147483647;
			files = (
				B20399171BC032E800256C8F /* MGSCredentialsStorage.m in Sources */,
				B2B6AFD81BC29B50001B1BD5 /* MGSParserFabric.m in Sources */,
				B203990E1BC0107D00256C8F /* MGSAuthorizationTransportLayer.m in Sources */,
				B20399041BC00B1E00256C8F /* MGSNetwork.m in Sources */,
				B24F7D471BC1A8820059469B /* MGSTransportLayer.m in Sources */,
				B2B6AFCB1BC295AF001B1BD5 /* MGSEasyMappingParser.m in Sources */,
				B203991F1BC0761800256C8F /* NSString+MGS.m in Sources */,
				B24F7D441BC19DEF0059469B /* MGSTokenProvider.m in Sources */,
				B2B6AFF61BC30F66001B1BD5 /* MGSCacheLayer.m in Sources */,
				B2B6AFCF1BC298EF001B1BD5 /* MGSMappingFabric.m in Sources */,
				B27FA4591BC5197A007D0785 /* VKFriend.m in Sources */,
				B20399141BC0301C00256C8F /* NSError+MGS.m in Sources */,
				B2B6AFDD1BC2A5A0001B1BD5 /* Model.xcdatamodeld in Sources */,
				B203990A1BC00DFA00256C8F /* MGSServiceLayer.m in Sources */,
				B20399011BC00A9A00256C8F /* MGSService.m in Sources */,
				B27FA44A1BC42297007D0785 /* MGSFriendsViewController.m in Sources */,
				B27FA4531BC47AEA007D0785 /* MGSSettingsViewController.m in Sources */,
				B203991A1BC033AE00256C8F /* MGSAuthorizationCredentials.m in Sources */,
				B27FA4581BC5197A007D0785 /* VKFriend+CoreDataProperties.m in Sources */,
				B20399111BC0217600256C8F /* MGSAuthorizationParameters.m in Sources */,
				B20398ED1BC00A2400256C8F /* ViewController.m in Sources */,
				B2BF6FF21BC26079005D7120 /* MGSHTTPOperation.m in Sources */,
				B27FA44D1BC459F3007D0785 /* MGSEntityFabric.m in Sources */,
				B24F7D4D1BC1B2600059469B /* MGSGroupOperation.m in Sources */,
				B27FA4501BC46459007D0785 /* UIViewController+MGS.m in Sources */,
				B20398EA1BC00A2400256C8F /* AppDelegate.m in Sources */,
				B20398E71BC00A2400256C8F /* main.m in Sources */,
				B20399071BC00C2700256C8F /* MGSAuthorizationService.m in Sources */,
			);
			runOnlyForDeploymentPostprocessing = 0;
		};
/* End PBXSourcesBuildPhase section */

/* Begin PBXVariantGroup section */
		B20398EE1BC00A2400256C8F /* Main.storyboard */ = {
			isa = PBXVariantGroup;
			children = (
				B20398EF1BC00A2400256C8F /* Base */,
			);
			name = Main.storyboard;
			sourceTree = "<group>";
		};
		B20398F31BC00A2400256C8F /* LaunchScreen.storyboard */ = {
			isa = PBXVariantGroup;
			children = (
				B20398F41BC00A2400256C8F /* Base */,
			);
			name = LaunchScreen.storyboard;
			sourceTree = "<group>";
		};
/* End PBXVariantGroup section */

/* Begin XCBuildConfiguration section */
		B20398F71BC00A2400256C8F /* Debug */ = {
			isa = XCBuildConfiguration;
			buildSettings = {
				ALWAYS_SEARCH_USER_PATHS = NO;
				CLANG_CXX_LANGUAGE_STANDARD = "gnu++0x";
				CLANG_CXX_LIBRARY = "libc++";
				CLANG_ENABLE_MODULES = YES;
				CLANG_ENABLE_OBJC_ARC = YES;
				CLANG_WARN_BOOL_CONVERSION = YES;
				CLANG_WARN_CONSTANT_CONVERSION = YES;
				CLANG_WARN_DIRECT_OBJC_ISA_USAGE = YES_ERROR;
				CLANG_WARN_EMPTY_BODY = YES;
				CLANG_WARN_ENUM_CONVERSION = YES;
				CLANG_WARN_INT_CONVERSION = YES;
				CLANG_WARN_OBJC_ROOT_CLASS = YES_ERROR;
				CLANG_WARN_UNREACHABLE_CODE = YES;
				CLANG_WARN__DUPLICATE_METHOD_MATCH = YES;
				"CODE_SIGN_IDENTITY[sdk=iphoneos*]" = "iPhone Developer";
				COPY_PHASE_STRIP = NO;
				DEBUG_INFORMATION_FORMAT = dwarf;
				ENABLE_STRICT_OBJC_MSGSEND = YES;
				ENABLE_TESTABILITY = YES;
				GCC_C_LANGUAGE_STANDARD = gnu99;
				GCC_DYNAMIC_NO_PIC = NO;
				GCC_NO_COMMON_BLOCKS = YES;
				GCC_OPTIMIZATION_LEVEL = 0;
				GCC_PREPROCESSOR_DEFINITIONS = (
					"DEBUG=1",
					"$(inherited)",
				);
				GCC_WARN_64_TO_32_BIT_CONVERSION = YES;
				GCC_WARN_ABOUT_RETURN_TYPE = YES_ERROR;
				GCC_WARN_UNDECLARED_SELECTOR = YES;
				GCC_WARN_UNINITIALIZED_AUTOS = YES_AGGRESSIVE;
				GCC_WARN_UNUSED_FUNCTION = YES;
				GCC_WARN_UNUSED_VARIABLE = YES;
				IPHONEOS_DEPLOYMENT_TARGET = 9.0;
				MTL_ENABLE_DEBUG_INFO = YES;
				ONLY_ACTIVE_ARCH = YES;
				SDKROOT = iphoneos;
				TARGETED_DEVICE_FAMILY = "1,2";
			};
			name = Debug;
		};
		B20398F81BC00A2400256C8F /* Release */ = {
			isa = XCBuildConfiguration;
			buildSettings = {
				ALWAYS_SEARCH_USER_PATHS = NO;
				CLANG_CXX_LANGUAGE_STANDARD = "gnu++0x";
				CLANG_CXX_LIBRARY = "libc++";
				CLANG_ENABLE_MODULES = YES;
				CLANG_ENABLE_OBJC_ARC = YES;
				CLANG_WARN_BOOL_CONVERSION = YES;
				CLANG_WARN_CONSTANT_CONVERSION = YES;
				CLANG_WARN_DIRECT_OBJC_ISA_USAGE = YES_ERROR;
				CLANG_WARN_EMPTY_BODY = YES;
				CLANG_WARN_ENUM_CONVERSION = YES;
				CLANG_WARN_INT_CONVERSION = YES;
				CLANG_WARN_OBJC_ROOT_CLASS = YES_ERROR;
				CLANG_WARN_UNREACHABLE_CODE = YES;
				CLANG_WARN__DUPLICATE_METHOD_MATCH = YES;
				"CODE_SIGN_IDENTITY[sdk=iphoneos*]" = "iPhone Developer";
				COPY_PHASE_STRIP = NO;
				DEBUG_INFORMATION_FORMAT = "dwarf-with-dsym";
				ENABLE_NS_ASSERTIONS = NO;
				ENABLE_STRICT_OBJC_MSGSEND = YES;
				GCC_C_LANGUAGE_STANDARD = gnu99;
				GCC_NO_COMMON_BLOCKS = YES;
				GCC_WARN_64_TO_32_BIT_CONVERSION = YES;
				GCC_WARN_ABOUT_RETURN_TYPE = YES_ERROR;
				GCC_WARN_UNDECLARED_SELECTOR = YES;
				GCC_WARN_UNINITIALIZED_AUTOS = YES_AGGRESSIVE;
				GCC_WARN_UNUSED_FUNCTION = YES;
				GCC_WARN_UNUSED_VARIABLE = YES;
				IPHONEOS_DEPLOYMENT_TARGET = 9.0;
				MTL_ENABLE_DEBUG_INFO = NO;
				SDKROOT = iphoneos;
				TARGETED_DEVICE_FAMILY = "1,2";
				VALIDATE_PRODUCT = YES;
			};
			name = Release;
		};
		B20398FA1BC00A2400256C8F /* Debug */ = {
			isa = XCBuildConfiguration;
			baseConfigurationReference = 0FBCB2550A05F31C3E6B901C /* Pods-VKFriends.debug.xcconfig */;
			buildSettings = {
				ASSETCATALOG_COMPILER_APPICON_NAME = AppIcon;
				GCC_PRECOMPILE_PREFIX_HEADER = YES;
				GCC_PREFIX_HEADER = "$(SRCROOT)/VKFriends/PrefixHeader.pch";
				INFOPLIST_FILE = VKFriends/Info.plist;
				IPHONEOS_DEPLOYMENT_TARGET = 7.0;
				LD_RUNPATH_SEARCH_PATHS = "$(inherited) @executable_path/Frameworks";
				PRODUCT_BUNDLE_IDENTIFIER = com.gena.VKFriends;
				PRODUCT_NAME = "$(TARGET_NAME)";
			};
			name = Debug;
		};
		B20398FB1BC00A2400256C8F /* Release */ = {
			isa = XCBuildConfiguration;
			baseConfigurationReference = 9BA62DB2C994B6BC52B27EF3 /* Pods-VKFriends.release.xcconfig */;
			buildSettings = {
				ASSETCATALOG_COMPILER_APPICON_NAME = AppIcon;
				GCC_PRECOMPILE_PREFIX_HEADER = YES;
				GCC_PREFIX_HEADER = "$(SRCROOT)/VKFriends/PrefixHeader.pch";
				INFOPLIST_FILE = VKFriends/Info.plist;
				IPHONEOS_DEPLOYMENT_TARGET = 7.0;
				LD_RUNPATH_SEARCH_PATHS = "$(inherited) @executable_path/Frameworks";
				PRODUCT_BUNDLE_IDENTIFIER = com.gena.VKFriends;
				PRODUCT_NAME = "$(TARGET_NAME)";
			};
			name = Release;
		};
/* End XCBuildConfiguration section */

/* Begin XCConfigurationList section */
		B20398DD1BC00A2400256C8F /* Build configuration list for PBXProject "VKFriends" */ = {
			isa = XCConfigurationList;
			buildConfigurations = (
				B20398F71BC00A2400256C8F /* Debug */,
				B20398F81BC00A2400256C8F /* Release */,
			);
			defaultConfigurationIsVisible = 0;
			defaultConfigurationName = Release;
		};
		B20398F91BC00A2400256C8F /* Build configuration list for PBXNativeTarget "VKFriends" */ = {
			isa = XCConfigurationList;
			buildConfigurations = (
				B20398FA1BC00A2400256C8F /* Debug */,
				B20398FB1BC00A2400256C8F /* Release */,
			);
			defaultConfigurationIsVisible = 0;
			defaultConfigurationName = Release;
		};
/* End XCConfigurationList section */

/* Begin XCVersionGroup section */
		B2B6AFDB1BC2A5A0001B1BD5 /* Model.xcdatamodeld */ = {
			isa = XCVersionGroup;
			children = (
				B2B6AFDC1BC2A5A0001B1BD5 /* Model.xcdatamodel */,
			);
			currentVersion = B2B6AFDC1BC2A5A0001B1BD5 /* Model.xcdatamodel */;
			path = Model.xcdatamodeld;
			sourceTree = "<group>";
			versionGroupType = wrapper.xcdatamodel;
		};
/* End XCVersionGroup section */
	};
	rootObject = B20398DA1BC00A2400256C8F /* Project object */;
}
